
Microsoft Visual Studio Solution File, Format Version 12.00
# Visual Studio Version 16
VisualStudioVersion = 16.0.30225.117
MinimumVisualStudioVersion = 10.0.40219.1
Project("{FAE04EC0-301F-11D3-BF4B-00C04F79EFBC}") = "SubnetCalculator", "SubnetCalculator.csproj", "{135BFF9A-9663-4AEF-84C1-735177380ED7}"
EndProject
Global
	GlobalSection(SolutionConfigurationPlatforms) = preSolution
		Debug|Any CPU = Debug|Any CPU
		Release|Any CPU = Release|Any CPU
	EndGlobalSection
	GlobalSection(ProjectConfigurationPlatforms) = postSolution
		{135BFF9A-9663-4AEF-84C1-735177380ED7}.Debug|Any CPU.ActiveCfg = Debug|Any CPU
		{135BFF9A-9663-4AEF-84C1-735177380ED7}.Debug|Any CPU.Build.0 = Debug|Any CPU
		{135BFF9A-9663-4AEF-84C1-735177380ED7}.Release|Any CPU.ActiveCfg = Release|Any CPU
		{135BFF9A-9663-4AEF-84C1-735177380ED7}.Release|Any CPU.Build.0 = Release|Any CPU
	EndGlobalSection
	GlobalSection(SolutionProperties) = preSolution
		HideSolutionNode = FALSE
	EndGlobalSection
	GlobalSection(ExtensibilityGlobals) = postSolution
		SolutionGuid = {0EF76354-B04A-4886-9164-DB9F85D47DE7}
	EndGlobalSection
EndGlobal
